
Microsoft Visual Studio Solution File, Format Version 12.00
# Visual Studio Version 17
VisualStudioVersion = 17.14.36202.13 d17.14
MinimumVisualStudioVersion = 10.0.40219.1
Project("{FAE04EC0-301F-11D3-BF4B-00C04F79EFBC}") = "LearnCSharp", "LearnCSharp\LearnCSharp.csproj", "{8A7012A9-D94C-4B02-84F8-7B8F1F2541D6}"
EndProject
Global
	GlobalSection(SolutionConfigurationPlatforms) = preSolution
		Debug|Any CPU = Debug|Any CPU
		Release|Any CPU = Release|Any CPU
	EndGlobalSection
	GlobalSection(ProjectConfigurationPlatforms) = postSolution
		{8A7012A9-D94C-4B02-84F8-7B8F1F2541D6}.Debug|Any CPU.ActiveCfg = Debug|Any CPU
		{8A7012A9-D94C-4B02-84F8-7B8F1F2541D6}.Debug|Any CPU.Build.0 = Debug|Any CPU
		{8A7012A9-D94C-4B02-84F8-7B8F1F2541D6}.Release|Any CPU.ActiveCfg = Release|Any CPU
		{8A7012A9-D94C-4B02-84F8-7B8F1F2541D6}.Release|Any CPU.Build.0 = Release|Any CPU
	EndGlobalSection
	GlobalSection(SolutionProperties) = preSolution
		HideSolutionNode = FALSE
	EndGlobalSection
	GlobalSection(ExtensibilityGlobals) = postSolution
		SolutionGuid = {C644D072-3541-4C89-B39B-C3C1F94FD9AF}
	EndGlobalSection
EndGlobal
